<?xml version="1.0" encoding="UTF-8" standalone="yes" ?>
<CodeBlocks_project_file>
	<FileVersion major="1" minor="6" />
	<Project>
		<Option title="cb_linux_dbc" />
		<Option pch_mode="2" />
		<Option compiler="gcc" />
		<Build>
			<Target title="Debug_5.5">
				<Option output="out/cb_linux_dbc" prefix_auto="1" extension_auto="1" />
				<Option object_output="out/" />
				<Option type="1" />
				<Option compiler="gcc" />
				<Compiler>
					<Add option="-march=nocona" />
					<Add option="-g" />
					<Add directory="../../3rd_deps/mysql_5.5/include" />
				</Compiler>
			</Target>
			<Target title="Release_5.5">
				<Option output="out/cb_linux_dbc" prefix_auto="1" extension_auto="1" />
				<Option object_output="out/" />
				<Option type="1" />
				<Option compiler="gcc" />
				<Compiler>
					<Add option="-O2" />
					<Add directory="../../3rd_deps/mysql_5.5/include" />
				</Compiler>
				<Linker>
					<Add option="-s" />
				</Linker>
			</Target>
			<Target title="Debug_5.7">
				<Option output="out/cb_linux_dbc" prefix_auto="1" extension_auto="1" />
				<Option object_output="out/" />
				<Option type="1" />
				<Option compiler="gcc" />
				<Compiler>
					<Add option="-march=nocona" />
					<Add option="-g" />
					<Add directory="../../3rd_deps/mysql_5.7/include" />
				</Compiler>
			</Target>
			<Target title="Release_5.7">
				<Option output="out/cb_linux_dbc" prefix_auto="1" extension_auto="1" />
				<Option object_output="out/" />
				<Option type="1" />
				<Option compiler="gcc" />
				<Compiler>
					<Add option="-O2" />
					<Add directory="../../3rd_deps/mysql_5.7/include" />
				</Compiler>
				<Linker>
					<Add option="-s" />
				</Linker>
			</Target>
		</Build>
		<Compiler>
			<Add option="-Wall" />
			<Add option="-fexceptions" />
			<Add option="-DUT_DB=DB_MYSQL" />
			<Add directory="../../../rxdbc" />
			<Add directory="../../../rxlib" />
		</Compiler>
		<Linker>
			<Add library="../../../../../usr/lib64/mysql/libmysqlclient.so" />
		</Linker>
		<Unit filename="ut_dbc.cpp" />
		<Extensions>
			<envvars />
			<code_completion />
			<debugger />
			<lib_finder disable_auto="1" />
		</Extensions>
	</Project>
</CodeBlocks_project_file>
