<?xml version="1.0" encoding="UTF-8" standalone="yes" ?>
<CodeBlocks_project_file>
	<FileVersion major="1" minor="6" />
	<Project>
		<Option title="cb_win_mysql" />
		<Option pch_mode="2" />
		<Option compiler="gcc" />
		<Build>
			<Target title="Debug">
				<Option output="out/cb_win_mysql" prefix_auto="1" extension_auto="1" />
				<Option object_output="out/" />
				<Option type="1" />
				<Option compiler="gcc" />
				<Compiler>
					<Add option="-g" />
				</Compiler>
			</Target>
			<Target title="Release">
				<Option output="out/cb_win_mysql" prefix_auto="1" extension_auto="1" />
				<Option object_output="out/" />
				<Option type="1" />
				<Option compiler="gcc" />
				<Compiler>
					<Add option="-O2" />
				</Compiler>
				<Linker>
					<Add option="-s" />
				</Linker>
			</Target>
		</Build>
		<Compiler>
			<Add option="-Wall" />
			<Add option="-fexceptions" />
			<Add option="-DUT_DB=DB_MYSQL" />
			<Add directory="../../3rd_deps/mysql/include" />
			<Add directory="../../../trunk" />
			<Add directory="../../../../rxlib.git/trunk" />
		</Compiler>
		<Linker>
			<Add library="mysql" />
			<Add directory="../../3rd_deps/mysql/lib_w64/gcc" />
			<Add directory="../../3rd_deps/mysql/lib_w64" />
		</Linker>
		<Unit filename="ut_dbc.cpp" />
		<Extensions>
			<code_completion />
			<envvars />
			<debugger />
			<lib_finder disable_auto="1" />
		</Extensions>
	</Project>
</CodeBlocks_project_file>
